
Microsoft Visual Studio Solution File, Format Version 12.00
# Visual Studio Version 16
VisualStudioVersion = 16.0.30907.101
MinimumVisualStudioVersion = 10.0.40219.1
Project("{FAE04EC0-301F-11D3-BF4B-00C04F79EFBC}") = "GameDemo", "GameDemo\GameDemo.csproj", "{3FF98305-108E-454E-8DEB-68C31262D08F}"
EndProject
Global
	GlobalSection(SolutionConfigurationPlatforms) = preSolution
		Debug|Any CPU = Debug|Any CPU
		Release|Any CPU = Release|Any CPU
	EndGlobalSection
	GlobalSection(ProjectConfigurationPlatforms) = postSolution
		{3FF98305-108E-454E-8DEB-68C31262D08F}.Debug|Any CPU.ActiveCfg = Debug|Any CPU
		{3FF98305-108E-454E-8DEB-68C31262D08F}.Debug|Any CPU.Build.0 = Debug|Any CPU
		{3FF98305-108E-454E-8DEB-68C31262D08F}.Release|Any CPU.ActiveCfg = Release|Any CPU
		{3FF98305-108E-454E-8DEB-68C31262D08F}.Release|Any CPU.Build.0 = Release|Any CPU
	EndGlobalSection
	GlobalSection(SolutionProperties) = preSolution
		HideSolutionNode = FALSE
	EndGlobalSection
	GlobalSection(ExtensibilityGlobals) = postSolution
		SolutionGuid = {118E0A10-2D96-487C-BAEE-8A361BE56098}
	EndGlobalSection
EndGlobal
